
Microsoft Visual Studio Solution File, Format Version 12.00
# Visual Studio Version 17
VisualStudioVersion = 17.11.35222.181
MinimumVisualStudioVersion = 10.0.40219.1
Project("{9A19103F-16F7-4668-BE54-9A1E7A4F7556}") = "CSharp_lab12", "CSharp_lab12\CSharp_lab12.csproj", "{C97471C8-0797-4756-9797-CB7B54DCFBA8}"
	ProjectSection(ProjectDependencies) = postProject
		{A2CF6B79-D1A3-4624-A80A-1A1DCA87D549} = {A2CF6B79-D1A3-4624-A80A-1A1DCA87D549}
	EndProjectSection
EndProject
Project("{FAE04EC0-301F-11D3-BF4B-00C04F79EFBC}") = "TourOperator", "TourOperator\TourOperator.csproj", "{A2CF6B79-D1A3-4624-A80A-1A1DCA87D549}"
EndProject
Global
	GlobalSection(SolutionConfigurationPlatforms) = preSolution
		Debug|Any CPU = Debug|Any CPU
		Release|Any CPU = Release|Any CPU
	EndGlobalSection
	GlobalSection(ProjectConfigurationPlatforms) = postSolution
		{C97471C8-0797-4756-9797-CB7B54DCFBA8}.Debug|Any CPU.ActiveCfg = Debug|Any CPU
		{C97471C8-0797-4756-9797-CB7B54DCFBA8}.Debug|Any CPU.Build.0 = Debug|Any CPU
		{C97471C8-0797-4756-9797-CB7B54DCFBA8}.Release|Any CPU.ActiveCfg = Release|Any CPU
		{C97471C8-0797-4756-9797-CB7B54DCFBA8}.Release|Any CPU.Build.0 = Release|Any CPU
		{A2CF6B79-D1A3-4624-A80A-1A1DCA87D549}.Debug|Any CPU.ActiveCfg = Debug|Any CPU
		{A2CF6B79-D1A3-4624-A80A-1A1DCA87D549}.Debug|Any CPU.Build.0 = Debug|Any CPU
		{A2CF6B79-D1A3-4624-A80A-1A1DCA87D549}.Release|Any CPU.ActiveCfg = Release|Any CPU
		{A2CF6B79-D1A3-4624-A80A-1A1DCA87D549}.Release|Any CPU.Build.0 = Release|Any CPU
	EndGlobalSection
	GlobalSection(SolutionProperties) = preSolution
		HideSolutionNode = FALSE
	EndGlobalSection
	GlobalSection(ExtensibilityGlobals) = postSolution
		SolutionGuid = {3D80813A-5D34-489B-96B5-4FC987A4FA2A}
	EndGlobalSection
EndGlobal
